// !$*UTF8*$!
{
	archiveVersion = 1;
	classes = {
	};
	objectVersion = 77;
	objects = {

/* Begin PBXBuildFile section */
		0222AAB738523BE9AC26D137 /* CareerWeeklyPlanner.swift in Sources */ = {isa = PBXBuildFile; fileRef = 82BE2FDF9CFF3DEE0AEFA99E /* CareerWeeklyPlanner.swift */; };
		04807BBF6F6AF3BE9A71A9B3 /* Assets.xcassets in Resources */ = {isa = PBXBuildFile; fileRef = 0ECC205A435B440784C62568 /* Assets.xcassets */; };
		074CFF352BDB23DAB0CA6907 /* CareerAreaPrioritizerTests.swift in Sources */ = {isa = PBXBuildFile; fileRef = E8BD0C326515C319D7E0EC1A /* CareerAreaPrioritizerTests.swift */; };
		0AFD8B3D468F7FE2D123BA62 /* ManagerView.swift in Sources */ = {isa = PBXBuildFile; fileRef = 1A61D713D15A9362DA6BE30B /* ManagerView.swift */; };
		0EA96FADC6132B629FD5041A /* QuickActionService.swift in Sources */ = {isa = PBXBuildFile; fileRef = 4C0D5565563BCA9A6D2E3FFB /* QuickActionService.swift */; };
		135868C2E4D3FA64423AEC6A /* LoadingIndicatorService.swift in Sources */ = {isa = PBXBuildFile; fileRef = 6FEB92B7CB744F9A676E3D3A /* LoadingIndicatorService.swift */; };
		14B8563E5E4D990982795ED9 /* SocialInsightSnapshot.swift in Sources */ = {isa = PBXBuildFile; fileRef = 453673842DA3115395C4A210 /* SocialInsightSnapshot.swift */; };
		1A362C0D231C0046CB176122 /* StrategyModuleView.swift in Sources */ = {isa = PBXBuildFile; fileRef = 63CABBDEDE0AFC53D09A9B33 /* StrategyModuleView.swift */; };
		1A484AFCFCE819E255ADFD8F /* ManagerChatWithMemories.swift in Sources */ = {isa = PBXBuildFile; fileRef = A527E2DF06F4EDA606356532 /* ManagerChatWithMemories.swift */; };
		1A597148E646A6DFC83223FA /* CoverDesignGenerator.swift in Sources */ = {isa = PBXBuildFile; fileRef = 362C2FAF721AA44B4601E45B /* CoverDesignGenerator.swift */; };
		1B66C83ECBDF86993B9C0B7C /* DarkModeAccessibilityFix.swift in Sources */ = {isa = PBXBuildFile; fileRef = 484F43444A296E60A47C5FBC /* DarkModeAccessibilityFix.swift */; };
		1BA2E303D09BD31A78586490 /* AnimatedTransitions.swift in Sources */ = {isa = PBXBuildFile; fileRef = 460DC9277C6ED9078B56EBEA /* AnimatedTransitions.swift */; };
		1C0FB49E32E8FC53F5E7B686 /* CareerTask.swift in Sources */ = {isa = PBXBuildFile; fileRef = 8F5718BC32E1F26BE1E0065B /* CareerTask.swift */; };
		2006A11445D7E64774320748 /* WeeklyInsightAlertPlanner.swift in Sources */ = {isa = PBXBuildFile; fileRef = 16EC7D6D7E0E44597DEF8C04 /* WeeklyInsightAlertPlanner.swift */; };
		204991DDB130518515AA3B0E /* Conversation.swift in Sources */ = {isa = PBXBuildFile; fileRef = FD9F2219A03BF292E3D55E82 /* Conversation.swift */; };
		2240BE2535FDAD8358690562 /* BreakEvenTourCard.swift in Sources */ = {isa = PBXBuildFile; fileRef = 44C62D31C8A4F084D6B8D9D0 /* BreakEvenTourCard.swift */; };
		231A7157DC149052DEF541B8 /* InstagramConnectionGuide.swift in Sources */ = {isa = PBXBuildFile; fileRef = BDF9C54924B518C015BB2BD9 /* InstagramConnectionGuide.swift */; };
		23AC6A6237A1621FACA92357 /* PlatformInsight.swift in Sources */ = {isa = PBXBuildFile; fileRef = DD0923B7B05F6285DFF904CA /* PlatformInsight.swift */; };
		2ED1BDF5812A56BB977AC530 /* NominatimGeocodingService.swift in Sources */ = {isa = PBXBuildFile; fileRef = EED9595B13C3A47796CE0FDF /* NominatimGeocodingService.swift */; };
		33F04F96B3F0B661757282AA /* ArtistLogisticsEstimator.swift in Sources */ = {isa = PBXBuildFile; fileRef = 4EB44D9726DC3DC47F0D1E6D /* ArtistLogisticsEstimator.swift */; };
		35905FB6DD2A3A6AE54C6DFE /* DataSyncService.swift in Sources */ = {isa = PBXBuildFile; fileRef = 1259B35A95F017B34A19597E /* DataSyncService.swift */; };
		35D29E447330D733AF723011 /* BookingNegotiationCoach.swift in Sources */ = {isa = PBXBuildFile; fileRef = 552A79FE7FB36DD5FB97ECF2 /* BookingNegotiationCoach.swift */; };
		367F5654E267178CF1289971 /* QuickActionsButtonRow.swift in Sources */ = {isa = PBXBuildFile; fileRef = 0E6E0163BE4191BC8963B616 /* QuickActionsButtonRow.swift */; };
		3D42EDA89AE72D0FD33C9B0C /* MarkdownChatBubble.swift in Sources */ = {isa = PBXBuildFile; fileRef = EBAFFDB70FD4DB831832BADE /* MarkdownChatBubble.swift */; };
		3F51F105A5EF313003CF0644 /* RadarSearchView.swift in Sources */ = {isa = PBXBuildFile; fileRef = 2D6FF05293C57A2C8D474680 /* RadarSearchView.swift */; };
		4082AE6302EF514DF8251929 /* ArtistLogisticsEstimatorExtension.swift in Sources */ = {isa = PBXBuildFile; fileRef = D39C77AAD772A83C55693F01 /* ArtistLogisticsEstimatorExtension.swift */; };
		448AA24784199ECFB55BD7A1 /* Negotiation.swift in Sources */ = {isa = PBXBuildFile; fileRef = 94D234421B6249407444C01E /* Negotiation.swift */; };
		4641EFC772A8EDC30EDD21EF /* CareerInsightAggregatorTests.swift in Sources */ = {isa = PBXBuildFile; fileRef = 1A0F359BF90A12E2BA493C04 /* CareerInsightAggregatorTests.swift */; };
		46F9A57C6F52B8F1CEABBFE1 /* NavigationActionService.swift in Sources */ = {isa = PBXBuildFile; fileRef = 5028D566634F4E43B3D105DB /* NavigationActionService.swift */; };
		4BC63A72A936578FECD64B9F /* MockCareerManagerService.swift in Sources */ = {isa = PBXBuildFile; fileRef = 383DF8621614924185438D71 /* MockCareerManagerService.swift */; };
		4BF2BE5018A4782A93149083 /* ConflictResolutionService.swift in Sources */ = {isa = PBXBuildFile; fileRef = E0C61D76D11205673FD8BBCA /* ConflictResolutionService.swift */; };
		4D2B0A6C6D1FE5A855434724 /* SkeletonLoaders.swift in Sources */ = {isa = PBXBuildFile; fileRef = 61CB74D22D33478B2139A759 /* SkeletonLoaders.swift */; };
		4D36C00AF6944E1CE7FEABE8 /* SyncAuditService.swift in Sources */ = {isa = PBXBuildFile; fileRef = 9A494D0007146457237F317B /* SyncAuditService.swift */; };
		4DB52E36BB63C1003B0A1498 /* SmartNotificationCard.swift in Sources */ = {isa = PBXBuildFile; fileRef = 0A49DED43B4404714BAFDBBE /* SmartNotificationCard.swift */; };
		54F13A6D046E5AEEF21C4396 /* ArtistProfile.swift in Sources */ = {isa = PBXBuildFile; fileRef = ED6DF30F46DB67445E7A8728 /* ArtistProfile.swift */; };
		55843D6DF924F2FF73901C58 /* EventPipelineView.swift in Sources */ = {isa = PBXBuildFile; fileRef = 46B954209C2E4EF4AEBFDE83 /* EventPipelineView.swift */; };
		5790D595287B7D6E76923608 /* SampleDataSeeder.swift in Sources */ = {isa = PBXBuildFile; fileRef = CDCDE4B2908D6AE5A7A96AC2 /* SampleDataSeeder.swift */; };
		5C4AC0618D60533FBE821C35 /* LogisticsEstimateHistoryStore.swift in Sources */ = {isa = PBXBuildFile; fileRef = 9F26D03EA9C63F7AEF1AC0C7 /* LogisticsEstimateHistoryStore.swift */; };
		5E0AFC87AA72A227BF78D9FB /* MobileLoginView.swift in Sources */ = {isa = PBXBuildFile; fileRef = A651C6261EB2058B4EF6EB53 /* MobileLoginView.swift */; };
		65BEF08DCBB23B9212AE83B8 /* RootTabView.swift in Sources */ = {isa = PBXBuildFile; fileRef = 34ABE2ACA6FB569731456BCF /* RootTabView.swift */; };
		65CFDFEA8BE4401B97DBBF21 /* Gig.swift in Sources */ = {isa = PBXBuildFile; fileRef = 012DE5B093C26B65134E4261 /* Gig.swift */; };
		67008D97E84AFA6A63D1406C /* BrazilLogisticsReferenceService.swift in Sources */ = {isa = PBXBuildFile; fileRef = 1363AAE126AF1D6AC7491C28 /* BrazilLogisticsReferenceService.swift */; };
		671E6545646C0E8B0B738707 /* BookingRadarServiceTests.swift in Sources */ = {isa = PBXBuildFile; fileRef = CEBDEAC731186698B21CB5EF /* BookingRadarServiceTests.swift */; };
		69FFD5A6A2BD39082580DB7A /* RealTimeLogisticsResolver.swift in Sources */ = {isa = PBXBuildFile; fileRef = 86964609D6694EDDB163AC1E /* RealTimeLogisticsResolver.swift */; };
		6A2E2C42C7CFA7E5CB6953E3 /* CoverDesignStudioView.swift in Sources */ = {isa = PBXBuildFile; fileRef = 33F5C59633F6D8DA947EEB04 /* CoverDesignStudioView.swift */; };
		6BD5F0877659E513FE2524A8 /* SocialMediaStrategist.swift in Sources */ = {isa = PBXBuildFile; fileRef = C6401723B9A4C4A13751368C /* SocialMediaStrategist.swift */; };
		6F958ECA36335A3394BA5DA5 /* PsyManagerApp.swift in Sources */ = {isa = PBXBuildFile; fileRef = FCDBD05F73F818EA38F90F4C /* PsyManagerApp.swift */; };
		70647A859AA58396B5A7405D /* EventLead.swift in Sources */ = {isa = PBXBuildFile; fileRef = 8C27E9E765AF26A55E889424 /* EventLead.swift */; };
		727F5D7B2403358767DE24E9 /* FinancialAlertCard.swift in Sources */ = {isa = PBXBuildFile; fileRef = ECE1CC708F76B6FB722A8D40 /* FinancialAlertCard.swift */; };
		72CDAFEADDBB608D69363AED /* CareerAreaPrioritizer.swift in Sources */ = {isa = PBXBuildFile; fileRef = 3FE32AD60B207AD15614926C /* CareerAreaPrioritizer.swift */; };
		74E4B7723933E1E817ED0B62 /* ConversationListView.swift in Sources */ = {isa = PBXBuildFile; fileRef = 515AA09030DDFD351CA918D9 /* ConversationListView.swift */; };
		7575E4A04C4BFA0AB3BA4845 /* NotificationPlanner.swift in Sources */ = {isa = PBXBuildFile; fileRef = EF6CFC715192D788D03AB024 /* NotificationPlanner.swift */; };
		75B0BBEEB469607BE4613CB7 /* SmartNotificationModel.swift in Sources */ = {isa = PBXBuildFile; fileRef = 6186270295E4B395925F9EFB /* SmartNotificationModel.swift */; };
		78A3DA04C78AAE1A88C5DF3F /* ArtistAIContextBuilder.swift in Sources */ = {isa = PBXBuildFile; fileRef = 53DDF6B84551F7DE5C3DB012 /* ArtistAIContextBuilder.swift */; };
		7CC87E08D8C33C008653A609 /* HapticFeedbackService.swift in Sources */ = {isa = PBXBuildFile; fileRef = 31CA0651CD15F4947AAB780F /* HapticFeedbackService.swift */; };
		7D8684B83E8D00B7F76B9370 /* FinancialAlertService.swift in Sources */ = {isa = PBXBuildFile; fileRef = 18131AC03DEE979B9E547AAD /* FinancialAlertService.swift */; };
		7F209065359C0649F20CFB54 /* InstagramOAuthCoordinator.swift in Sources */ = {isa = PBXBuildFile; fileRef = 6C25044BE568022A33354670 /* InstagramOAuthCoordinator.swift */; };
		80205B044096662711761519 /* FinancesView.swift in Sources */ = {isa = PBXBuildFile; fileRef = E829855432CB474F1872994F /* FinancesView.swift */; };
		8091889DED0A418A03F706F5 /* TripPlan.swift in Sources */ = {isa = PBXBuildFile; fileRef = CDD71BEDA99F66A4F0DB5CD2 /* TripPlan.swift */; };
		843C3A5B8ADFF539AC186997 /* CreationStudioView.swift in Sources */ = {isa = PBXBuildFile; fileRef = CC7E6126EA2A580B00637C6C /* CreationStudioView.swift */; };
		896E43EE619FC3EECBC8844D /* ProfileView.swift in Sources */ = {isa = PBXBuildFile; fileRef = 0C184855DA267BD958C40790 /* ProfileView.swift */; };
		89BD424138183294C46394A5 /* AppTaxonomy.swift in Sources */ = {isa = PBXBuildFile; fileRef = 7004AFE85D00B2BCB91A8F6C /* AppTaxonomy.swift */; };
		8C1A6B5ED3588018AEAA972C /* SocialContentGenerator.swift in Sources */ = {isa = PBXBuildFile; fileRef = 0F71994A9AF1DF42944E690B /* SocialContentGenerator.swift */; };
		8CC52A96476F5F7629B65F90 /* BookingRadarService.swift in Sources */ = {isa = PBXBuildFile; fileRef = 3AFFFAAA76DD532534C227E4 /* BookingRadarService.swift */; };
		900956B0E68128932FE06833 /* Expense.swift in Sources */ = {isa = PBXBuildFile; fileRef = 01B19D4DC2BB7FDB46C443AA /* Expense.swift */; };
		9334960E42B6E4AB10138353 /* PromoterContact.swift in Sources */ = {isa = PBXBuildFile; fileRef = 13284139BF1BDF4475D02828 /* PromoterContact.swift */; };
		96D9566C43F3CBB33F22D07C /* CareerManagerEngine.swift in Sources */ = {isa = PBXBuildFile; fileRef = 88461E2BB4FFD0BDA433751E /* CareerManagerEngine.swift */; };
		97904CF3E82AE86D6B7436AD /* OpenAITextProvider.swift in Sources */ = {isa = PBXBuildFile; fileRef = AE6B20B731F9C43EC6784380 /* OpenAITextProvider.swift */; };
		985B5CE21965B190DB5F37A0 /* CalendarService.swift in Sources */ = {isa = PBXBuildFile; fileRef = 5410F8C944107076DA154F6A /* CalendarService.swift */; };
		9BEAC8AFF7B55EB267706268 /* EventRadarWithDateFilter.swift in Sources */ = {isa = PBXBuildFile; fileRef = 88664635229441176A041746 /* EventRadarWithDateFilter.swift */; };
		A6B6808CFB12ED6A43BA237F /* ManagerPromptLibrary.swift in Sources */ = {isa = PBXBuildFile; fileRef = D73CA4A191442327945685AC /* ManagerPromptLibrary.swift */; };
		A7464A735FC22DEA46D875FF /* InstagramInsightsBridge.swift in Sources */ = {isa = PBXBuildFile; fileRef = 30AAB7179C2AC8854820148C /* InstagramInsightsBridge.swift */; };
		ABE17242A95445A4124AC277 /* RollbackService.swift in Sources */ = {isa = PBXBuildFile; fileRef = B7398170E207292AA7EEA182 /* RollbackService.swift */; };
		B2121132ED999571CFC07108 /* WebAIService.swift in Sources */ = {isa = PBXBuildFile; fileRef = 0EF9CD628B1F74C814F629F7 /* WebAIService.swift */; };
		B53F571A6A1FFA0ECE4AFC4B /* DashboardViewModel.swift in Sources */ = {isa = PBXBuildFile; fileRef = A6551C62CE589896296B8072 /* DashboardViewModel.swift */; };
		BC7D0D1E7E6ED69E57D1D6F3 /* SocialContentAnalytics.swift in Sources */ = {isa = PBXBuildFile; fileRef = 795727794E67CEC54B45A3D1 /* SocialContentAnalytics.swift */; };
		BEB258701053C5177C460E75 /* ManagerChatMessage.swift in Sources */ = {isa = PBXBuildFile; fileRef = A0B94AEAB6A858C774F0CED9 /* ManagerChatMessage.swift */; };
		C20FB506A01F4242D59D6E6F /* InstagramInsightsAdvisor.swift in Sources */ = {isa = PBXBuildFile; fileRef = 5E480B4EE9279B00765D748B /* InstagramInsightsAdvisor.swift */; };
		C3160BF7B598BDE110EF5370 /* PsyTheme.swift in Sources */ = {isa = PBXBuildFile; fileRef = C55D00C30B3DCA5E8EEA3B15 /* PsyTheme.swift */; };
		C636F9C5CFEFA4DAD0CBCAB5 /* RadarEvent.swift in Sources */ = {isa = PBXBuildFile; fileRef = 8BA1AB495E93E941CFDA66E5 /* RadarEvent.swift */; };
		C68EE857068A64C155BC0FB7 /* QuickLogisticsCalculatorView.swift in Sources */ = {isa = PBXBuildFile; fileRef = 609463BFC760F99405BB34C9 /* QuickLogisticsCalculatorView.swift */; };
		C6E987778AF7968A9BFE26E0 /* MessageTemplate.swift in Sources */ = {isa = PBXBuildFile; fileRef = A9E269E6022286638348BD95 /* MessageTemplate.swift */; };
		C70A21651BC7C31F6D63BECC /* FinancialAlertsWidget.swift in Sources */ = {isa = PBXBuildFile; fileRef = 326F7DFCAC9FAF9C02733136 /* FinancialAlertsWidget.swift */; };
		C7906AF982B3C4689130D179 /* ArtistLogisticsEstimatorTests.swift in Sources */ = {isa = PBXBuildFile; fileRef = 634F6D44A39411DD5CD266A4 /* ArtistLogisticsEstimatorTests.swift */; };
		C98C926A268A3FD38CE94FCF /* ContentStatusUpdater.swift in Sources */ = {isa = PBXBuildFile; fileRef = 3066DF945FCED808012F91E7 /* ContentStatusUpdater.swift */; };
		CF58893BC0B066C0E3E43884 /* OptimisticUIService.swift in Sources */ = {isa = PBXBuildFile; fileRef = 4482C6EE9F7149DA055DEBE5 /* OptimisticUIService.swift */; };
		CF670725DDC81CCE8429DF47 /* BookingNegotiationCoachTests.swift in Sources */ = {isa = PBXBuildFile; fileRef = 7C2B2CAAE483833E5945CCC8 /* BookingNegotiationCoachTests.swift */; };
		D0761537373D2F2E8328FD22 /* DashboardView.swift in Sources */ = {isa = PBXBuildFile; fileRef = D9F05F985E9A89CDB2B04362 /* DashboardView.swift */; };
		D9540D8E0F87209C8F41ACED /* TemplateSyncService.swift in Sources */ = {isa = PBXBuildFile; fileRef = 1BF21D5B3BC630F77E86D575 /* TemplateSyncService.swift */; };
		D9C306CB873E263EA70DEFE4 /* WebAuthService.swift in Sources */ = {isa = PBXBuildFile; fileRef = 336539636BF88F3E8096D2E7 /* WebAuthService.swift */; };
		E401FF64A744DF8A4D731962 /* SyncAuditDashboardView.swift in Sources */ = {isa = PBXBuildFile; fileRef = B669FD3EE005C475C6585935 /* SyncAuditDashboardView.swift */; };
		E7ADF5617EFB62A5405DDFC5 /* AppRootView.swift in Sources */ = {isa = PBXBuildFile; fileRef = 48AF03B675D61E81FF5E9A33 /* AppRootView.swift */; };
		E7D7BFFF7BBEB79E927937FC /* OnboardingFlowView.swift in Sources */ = {isa = PBXBuildFile; fileRef = B823D6342D2746739FBAAEC3 /* OnboardingFlowView.swift */; };
		E90714AB2FC3CA842394CDA4 /* EventGeocodingIntegration.swift in Sources */ = {isa = PBXBuildFile; fileRef = 0562473DBDF88052E7159D0B /* EventGeocodingIntegration.swift */; };
		EB6A2B4BDC59279912CA68A7 /* LocationResolver.swift in Sources */ = {isa = PBXBuildFile; fileRef = F2A16C178AA5468C2552A005 /* LocationResolver.swift */; };
		EEE8E7BA87BA60743592D871 /* TextAIProvider.swift in Sources */ = {isa = PBXBuildFile; fileRef = 6B3B0EE796064050B6973A35 /* TextAIProvider.swift */; };
		F4A0E35DAE0D3A69F9644BA5 /* SyncAuditLog.swift in Sources */ = {isa = PBXBuildFile; fileRef = F7E0BCA5D8816266D4B91DEC /* SyncAuditLog.swift */; };
		F5BE07DF1E05058C4A43506F /* SocialContentPlanItem.swift in Sources */ = {isa = PBXBuildFile; fileRef = B0CD55763766030DB8F96141 /* SocialContentPlanItem.swift */; };
		FFE639B3EB23D434BAFC591E /* ContentPerformanceAnalyzer.swift in Sources */ = {isa = PBXBuildFile; fileRef = 3F58B83E218183E88656CCC3 /* ContentPerformanceAnalyzer.swift */; };
/* End PBXBuildFile section */

/* Begin PBXContainerItemProxy section */
		CEDC54F3EAE7E507A78C4D47 /* PBXContainerItemProxy */ = {
			isa = PBXContainerItemProxy;
			containerPortal = ED4C8BD95C0D544DAC5F8471 /* Project object */;
			proxyType = 1;
			remoteGlobalIDString = 1E0E2023B85F274F1EBC5A92;
			remoteInfo = PsyManager;
		};
/* End PBXContainerItemProxy section */

/* Begin PBXFileReference section */
		012DE5B093C26B65134E4261 /* Gig.swift */ = {isa = PBXFileReference; lastKnownFileType = sourcecode.swift; path = Gig.swift; sourceTree = "<group>"; };
		01B19D4DC2BB7FDB46C443AA /* Expense.swift */ = {isa = PBXFileReference; lastKnownFileType = sourcecode.swift; path = Expense.swift; sourceTree = "<group>"; };
		0562473DBDF88052E7159D0B /* EventGeocodingIntegration.swift */ = {isa = PBXFileReference; lastKnownFileType = sourcecode.swift; path = EventGeocodingIntegration.swift; sourceTree = "<group>"; };
		0A49DED43B4404714BAFDBBE /* SmartNotificationCard.swift */ = {isa = PBXFileReference; lastKnownFileType = sourcecode.swift; path = SmartNotificationCard.swift; sourceTree = "<group>"; };
		0C184855DA267BD958C40790 /* ProfileView.swift */ = {isa = PBXFileReference; lastKnownFileType = sourcecode.swift; path = ProfileView.swift; sourceTree = "<group>"; };
		0E6E0163BE4191BC8963B616 /* QuickActionsButtonRow.swift */ = {isa = PBXFileReference; lastKnownFileType = sourcecode.swift; path = QuickActionsButtonRow.swift; sourceTree = "<group>"; };
		0ECC205A435B440784C62568 /* Assets.xcassets */ = {isa = PBXFileReference; lastKnownFileType = folder.assetcatalog; path = Assets.xcassets; sourceTree = "<group>"; };
		0EF9CD628B1F74C814F629F7 /* WebAIService.swift */ = {isa = PBXFileReference; lastKnownFileType = sourcecode.swift; path = WebAIService.swift; sourceTree = "<group>"; };
		0F71994A9AF1DF42944E690B /* SocialContentGenerator.swift */ = {isa = PBXFileReference; lastKnownFileType = sourcecode.swift; path = SocialContentGenerator.swift; sourceTree = "<group>"; };
		1259B35A95F017B34A19597E /* DataSyncService.swift */ = {isa = PBXFileReference; lastKnownFileType = sourcecode.swift; path = DataSyncService.swift; sourceTree = "<group>"; };
		13284139BF1BDF4475D02828 /* PromoterContact.swift */ = {isa = PBXFileReference; lastKnownFileType = sourcecode.swift; path = PromoterContact.swift; sourceTree = "<group>"; };
		1363AAE126AF1D6AC7491C28 /* BrazilLogisticsReferenceService.swift */ = {isa = PBXFileReference; lastKnownFileType = sourcecode.swift; path = BrazilLogisticsReferenceService.swift; sourceTree = "<group>"; };
		16EC7D6D7E0E44597DEF8C04 /* WeeklyInsightAlertPlanner.swift */ = {isa = PBXFileReference; lastKnownFileType = sourcecode.swift; path = WeeklyInsightAlertPlanner.swift; sourceTree = "<group>"; };
		18131AC03DEE979B9E547AAD /* FinancialAlertService.swift */ = {isa = PBXFileReference; lastKnownFileType = sourcecode.swift; path = FinancialAlertService.swift; sourceTree = "<group>"; };
		1A0F359BF90A12E2BA493C04 /* CareerInsightAggregatorTests.swift */ = {isa = PBXFileReference; lastKnownFileType = sourcecode.swift; path = CareerInsightAggregatorTests.swift; sourceTree = "<group>"; };
		1A61D713D15A9362DA6BE30B /* ManagerView.swift */ = {isa = PBXFileReference; lastKnownFileType = sourcecode.swift; path = ManagerView.swift; sourceTree = "<group>"; };
		1BF21D5B3BC630F77E86D575 /* TemplateSyncService.swift */ = {isa = PBXFileReference; lastKnownFileType = sourcecode.swift; path = TemplateSyncService.swift; sourceTree = "<group>"; };
		209110B140716D73365E3FFE /* PsyManager.app */ = {isa = PBXFileReference; includeInIndex = 0; lastKnownFileType = wrapper.application; path = PsyManager.app; sourceTree = BUILT_PRODUCTS_DIR; };
		2D6FF05293C57A2C8D474680 /* RadarSearchView.swift */ = {isa = PBXFileReference; lastKnownFileType = sourcecode.swift; path = RadarSearchView.swift; sourceTree = "<group>"; };
		3066DF945FCED808012F91E7 /* ContentStatusUpdater.swift */ = {isa = PBXFileReference; lastKnownFileType = sourcecode.swift; path = ContentStatusUpdater.swift; sourceTree = "<group>"; };
		30AAB7179C2AC8854820148C /* InstagramInsightsBridge.swift */ = {isa = PBXFileReference; lastKnownFileType = sourcecode.swift; path = InstagramInsightsBridge.swift; sourceTree = "<group>"; };
		31CA0651CD15F4947AAB780F /* HapticFeedbackService.swift */ = {isa = PBXFileReference; lastKnownFileType = sourcecode.swift; path = HapticFeedbackService.swift; sourceTree = "<group>"; };
		326F7DFCAC9FAF9C02733136 /* FinancialAlertsWidget.swift */ = {isa = PBXFileReference; lastKnownFileType = sourcecode.swift; path = FinancialAlertsWidget.swift; sourceTree = "<group>"; };
		336539636BF88F3E8096D2E7 /* WebAuthService.swift */ = {isa = PBXFileReference; lastKnownFileType = sourcecode.swift; path = WebAuthService.swift; sourceTree = "<group>"; };
		33F5C59633F6D8DA947EEB04 /* CoverDesignStudioView.swift */ = {isa = PBXFileReference; lastKnownFileType = sourcecode.swift; path = CoverDesignStudioView.swift; sourceTree = "<group>"; };
		34ABE2ACA6FB569731456BCF /* RootTabView.swift */ = {isa = PBXFileReference; lastKnownFileType = sourcecode.swift; path = RootTabView.swift; sourceTree = "<group>"; };
		362C2FAF721AA44B4601E45B /* CoverDesignGenerator.swift */ = {isa = PBXFileReference; lastKnownFileType = sourcecode.swift; path = CoverDesignGenerator.swift; sourceTree = "<group>"; };
		383DF8621614924185438D71 /* MockCareerManagerService.swift */ = {isa = PBXFileReference; lastKnownFileType = sourcecode.swift; path = MockCareerManagerService.swift; sourceTree = "<group>"; };
		3AFFFAAA76DD532534C227E4 /* BookingRadarService.swift */ = {isa = PBXFileReference; lastKnownFileType = sourcecode.swift; path = BookingRadarService.swift; sourceTree = "<group>"; };
		3F58B83E218183E88656CCC3 /* ContentPerformanceAnalyzer.swift */ = {isa = PBXFileReference; lastKnownFileType = sourcecode.swift; path = ContentPerformanceAnalyzer.swift; sourceTree = "<group>"; };
		3FE32AD60B207AD15614926C /* CareerAreaPrioritizer.swift */ = {isa = PBXFileReference; lastKnownFileType = sourcecode.swift; path = CareerAreaPrioritizer.swift; sourceTree = "<group>"; };
		4482C6EE9F7149DA055DEBE5 /* OptimisticUIService.swift */ = {isa = PBXFileReference; lastKnownFileType = sourcecode.swift; path = OptimisticUIService.swift; sourceTree = "<group>"; };
		44C62D31C8A4F084D6B8D9D0 /* BreakEvenTourCard.swift */ = {isa = PBXFileReference; lastKnownFileType = sourcecode.swift; path = BreakEvenTourCard.swift; sourceTree = "<group>"; };
		453673842DA3115395C4A210 /* SocialInsightSnapshot.swift */ = {isa = PBXFileReference; lastKnownFileType = sourcecode.swift; path = SocialInsightSnapshot.swift; sourceTree = "<group>"; };
		460DC9277C6ED9078B56EBEA /* AnimatedTransitions.swift */ = {isa = PBXFileReference; lastKnownFileType = sourcecode.swift; path = AnimatedTransitions.swift; sourceTree = "<group>"; };
		46B954209C2E4EF4AEBFDE83 /* EventPipelineView.swift */ = {isa = PBXFileReference; lastKnownFileType = sourcecode.swift; path = EventPipelineView.swift; sourceTree = "<group>"; };
		484F43444A296E60A47C5FBC /* DarkModeAccessibilityFix.swift */ = {isa = PBXFileReference; lastKnownFileType = sourcecode.swift; path = DarkModeAccessibilityFix.swift; sourceTree = "<group>"; };
		48AF03B675D61E81FF5E9A33 /* AppRootView.swift */ = {isa = PBXFileReference; lastKnownFileType = sourcecode.swift; path = AppRootView.swift; sourceTree = "<group>"; };
		4C0D5565563BCA9A6D2E3FFB /* QuickActionService.swift */ = {isa = PBXFileReference; lastKnownFileType = sourcecode.swift; path = QuickActionService.swift; sourceTree = "<group>"; };
		4EB44D9726DC3DC47F0D1E6D /* ArtistLogisticsEstimator.swift */ = {isa = PBXFileReference; lastKnownFileType = sourcecode.swift; path = ArtistLogisticsEstimator.swift; sourceTree = "<group>"; };
		5028D566634F4E43B3D105DB /* NavigationActionService.swift */ = {isa = PBXFileReference; lastKnownFileType = sourcecode.swift; path = NavigationActionService.swift; sourceTree = "<group>"; };
		515AA09030DDFD351CA918D9 /* ConversationListView.swift */ = {isa = PBXFileReference; lastKnownFileType = sourcecode.swift; path = ConversationListView.swift; sourceTree = "<group>"; };
		53DDF6B84551F7DE5C3DB012 /* ArtistAIContextBuilder.swift */ = {isa = PBXFileReference; lastKnownFileType = sourcecode.swift; path = ArtistAIContextBuilder.swift; sourceTree = "<group>"; };
		5410F8C944107076DA154F6A /* CalendarService.swift */ = {isa = PBXFileReference; lastKnownFileType = sourcecode.swift; path = CalendarService.swift; sourceTree = "<group>"; };
		552A79FE7FB36DD5FB97ECF2 /* BookingNegotiationCoach.swift */ = {isa = PBXFileReference; lastKnownFileType = sourcecode.swift; path = BookingNegotiationCoach.swift; sourceTree = "<group>"; };
		5B0967050242B1191ECB37D0 /* PsyManagerTests.xctest */ = {isa = PBXFileReference; includeInIndex = 0; lastKnownFileType = wrapper.cfbundle; path = PsyManagerTests.xctest; sourceTree = BUILT_PRODUCTS_DIR; };
		5E480B4EE9279B00765D748B /* InstagramInsightsAdvisor.swift */ = {isa = PBXFileReference; lastKnownFileType = sourcecode.swift; path = InstagramInsightsAdvisor.swift; sourceTree = "<group>"; };
		609463BFC760F99405BB34C9 /* QuickLogisticsCalculatorView.swift */ = {isa = PBXFileReference; lastKnownFileType = sourcecode.swift; path = QuickLogisticsCalculatorView.swift; sourceTree = "<group>"; };
		6186270295E4B395925F9EFB /* SmartNotificationModel.swift */ = {isa = PBXFileReference; lastKnownFileType = sourcecode.swift; path = SmartNotificationModel.swift; sourceTree = "<group>"; };
		61CB74D22D33478B2139A759 /* SkeletonLoaders.swift */ = {isa = PBXFileReference; lastKnownFileType = sourcecode.swift; path = SkeletonLoaders.swift; sourceTree = "<group>"; };
		634F6D44A39411DD5CD266A4 /* ArtistLogisticsEstimatorTests.swift */ = {isa = PBXFileReference; lastKnownFileType = sourcecode.swift; path = ArtistLogisticsEstimatorTests.swift; sourceTree = "<group>"; };
		63CABBDEDE0AFC53D09A9B33 /* StrategyModuleView.swift */ = {isa = PBXFileReference; lastKnownFileType = sourcecode.swift; path = StrategyModuleView.swift; sourceTree = "<group>"; };
		6B3B0EE796064050B6973A35 /* TextAIProvider.swift */ = {isa = PBXFileReference; lastKnownFileType = sourcecode.swift; path = TextAIProvider.swift; sourceTree = "<group>"; };
		6C25044BE568022A33354670 /* InstagramOAuthCoordinator.swift */ = {isa = PBXFileReference; lastKnownFileType = sourcecode.swift; path = InstagramOAuthCoordinator.swift; sourceTree = "<group>"; };
		6FEB92B7CB744F9A676E3D3A /* LoadingIndicatorService.swift */ = {isa = PBXFileReference; lastKnownFileType = sourcecode.swift; path = LoadingIndicatorService.swift; sourceTree = "<group>"; };
		7004AFE85D00B2BCB91A8F6C /* AppTaxonomy.swift */ = {isa = PBXFileReference; lastKnownFileType = sourcecode.swift; path = AppTaxonomy.swift; sourceTree = "<group>"; };
		795727794E67CEC54B45A3D1 /* SocialContentAnalytics.swift */ = {isa = PBXFileReference; lastKnownFileType = sourcecode.swift; path = SocialContentAnalytics.swift; sourceTree = "<group>"; };
		7C2B2CAAE483833E5945CCC8 /* BookingNegotiationCoachTests.swift */ = {isa = PBXFileReference; lastKnownFileType = sourcecode.swift; path = BookingNegotiationCoachTests.swift; sourceTree = "<group>"; };
		82BE2FDF9CFF3DEE0AEFA99E /* CareerWeeklyPlanner.swift */ = {isa = PBXFileReference; lastKnownFileType = sourcecode.swift; path = CareerWeeklyPlanner.swift; sourceTree = "<group>"; };
		86964609D6694EDDB163AC1E /* RealTimeLogisticsResolver.swift */ = {isa = PBXFileReference; lastKnownFileType = sourcecode.swift; path = RealTimeLogisticsResolver.swift; sourceTree = "<group>"; };
		88461E2BB4FFD0BDA433751E /* CareerManagerEngine.swift */ = {isa = PBXFileReference; lastKnownFileType = sourcecode.swift; path = CareerManagerEngine.swift; sourceTree = "<group>"; };
		88664635229441176A041746 /* EventRadarWithDateFilter.swift */ = {isa = PBXFileReference; lastKnownFileType = sourcecode.swift; path = EventRadarWithDateFilter.swift; sourceTree = "<group>"; };
		8BA1AB495E93E941CFDA66E5 /* RadarEvent.swift */ = {isa = PBXFileReference; lastKnownFileType = sourcecode.swift; path = RadarEvent.swift; sourceTree = "<group>"; };
		8C27E9E765AF26A55E889424 /* EventLead.swift */ = {isa = PBXFileReference; lastKnownFileType = sourcecode.swift; path = EventLead.swift; sourceTree = "<group>"; };
		8F5718BC32E1F26BE1E0065B /* CareerTask.swift */ = {isa = PBXFileReference; lastKnownFileType = sourcecode.swift; path = CareerTask.swift; sourceTree = "<group>"; };
		94D234421B6249407444C01E /* Negotiation.swift */ = {isa = PBXFileReference; lastKnownFileType = sourcecode.swift; path = Negotiation.swift; sourceTree = "<group>"; };
		9A494D0007146457237F317B /* SyncAuditService.swift */ = {isa = PBXFileReference; lastKnownFileType = sourcecode.swift; path = SyncAuditService.swift; sourceTree = "<group>"; };
		9F26D03EA9C63F7AEF1AC0C7 /* LogisticsEstimateHistoryStore.swift */ = {isa = PBXFileReference; lastKnownFileType = sourcecode.swift; path = LogisticsEstimateHistoryStore.swift; sourceTree = "<group>"; };
		A0B94AEAB6A858C774F0CED9 /* ManagerChatMessage.swift */ = {isa = PBXFileReference; lastKnownFileType = sourcecode.swift; path = ManagerChatMessage.swift; sourceTree = "<group>"; };
		A527E2DF06F4EDA606356532 /* ManagerChatWithMemories.swift */ = {isa = PBXFileReference; lastKnownFileType = sourcecode.swift; path = ManagerChatWithMemories.swift; sourceTree = "<group>"; };
		A651C6261EB2058B4EF6EB53 /* MobileLoginView.swift */ = {isa = PBXFileReference; lastKnownFileType = sourcecode.swift; path = MobileLoginView.swift; sourceTree = "<group>"; };
		A6551C62CE589896296B8072 /* DashboardViewModel.swift */ = {isa = PBXFileReference; lastKnownFileType = sourcecode.swift; path = DashboardViewModel.swift; sourceTree = "<group>"; };
		A9E269E6022286638348BD95 /* MessageTemplate.swift */ = {isa = PBXFileReference; lastKnownFileType = sourcecode.swift; path = MessageTemplate.swift; sourceTree = "<group>"; };
		AE6B20B731F9C43EC6784380 /* OpenAITextProvider.swift */ = {isa = PBXFileReference; lastKnownFileType = sourcecode.swift; path = OpenAITextProvider.swift; sourceTree = "<group>"; };
		B0CD55763766030DB8F96141 /* SocialContentPlanItem.swift */ = {isa = PBXFileReference; lastKnownFileType = sourcecode.swift; path = SocialContentPlanItem.swift; sourceTree = "<group>"; };
		B669FD3EE005C475C6585935 /* SyncAuditDashboardView.swift */ = {isa = PBXFileReference; lastKnownFileType = sourcecode.swift; path = SyncAuditDashboardView.swift; sourceTree = "<group>"; };
		B7398170E207292AA7EEA182 /* RollbackService.swift */ = {isa = PBXFileReference; lastKnownFileType = sourcecode.swift; path = RollbackService.swift; sourceTree = "<group>"; };
		B823D6342D2746739FBAAEC3 /* OnboardingFlowView.swift */ = {isa = PBXFileReference; lastKnownFileType = sourcecode.swift; path = OnboardingFlowView.swift; sourceTree = "<group>"; };
		BDF9C54924B518C015BB2BD9 /* InstagramConnectionGuide.swift */ = {isa = PBXFileReference; lastKnownFileType = sourcecode.swift; path = InstagramConnectionGuide.swift; sourceTree = "<group>"; };
		C55D00C30B3DCA5E8EEA3B15 /* PsyTheme.swift */ = {isa = PBXFileReference; lastKnownFileType = sourcecode.swift; path = PsyTheme.swift; sourceTree = "<group>"; };
		C6401723B9A4C4A13751368C /* SocialMediaStrategist.swift */ = {isa = PBXFileReference; lastKnownFileType = sourcecode.swift; path = SocialMediaStrategist.swift; sourceTree = "<group>"; };
		CC7E6126EA2A580B00637C6C /* CreationStudioView.swift */ = {isa = PBXFileReference; lastKnownFileType = sourcecode.swift; path = CreationStudioView.swift; sourceTree = "<group>"; };
		CDCDE4B2908D6AE5A7A96AC2 /* SampleDataSeeder.swift */ = {isa = PBXFileReference; lastKnownFileType = sourcecode.swift; path = SampleDataSeeder.swift; sourceTree = "<group>"; };
		CDD71BEDA99F66A4F0DB5CD2 /* TripPlan.swift */ = {isa = PBXFileReference; lastKnownFileType = sourcecode.swift; path = TripPlan.swift; sourceTree = "<group>"; };
		CEBDEAC731186698B21CB5EF /* BookingRadarServiceTests.swift */ = {isa = PBXFileReference; lastKnownFileType = sourcecode.swift; path = BookingRadarServiceTests.swift; sourceTree = "<group>"; };
		D39C77AAD772A83C55693F01 /* ArtistLogisticsEstimatorExtension.swift */ = {isa = PBXFileReference; lastKnownFileType = sourcecode.swift; path = ArtistLogisticsEstimatorExtension.swift; sourceTree = "<group>"; };
		D73CA4A191442327945685AC /* ManagerPromptLibrary.swift */ = {isa = PBXFileReference; lastKnownFileType = sourcecode.swift; path = ManagerPromptLibrary.swift; sourceTree = "<group>"; };
		D9F05F985E9A89CDB2B04362 /* DashboardView.swift */ = {isa = PBXFileReference; lastKnownFileType = sourcecode.swift; path = DashboardView.swift; sourceTree = "<group>"; };
		DD0923B7B05F6285DFF904CA /* PlatformInsight.swift */ = {isa = PBXFileReference; lastKnownFileType = sourcecode.swift; path = PlatformInsight.swift; sourceTree = "<group>"; };
		E0C61D76D11205673FD8BBCA /* ConflictResolutionService.swift */ = {isa = PBXFileReference; lastKnownFileType = sourcecode.swift; path = ConflictResolutionService.swift; sourceTree = "<group>"; };
		E829855432CB474F1872994F /* FinancesView.swift */ = {isa = PBXFileReference; lastKnownFileType = sourcecode.swift; path = FinancesView.swift; sourceTree = "<group>"; };
		E8BD0C326515C319D7E0EC1A /* CareerAreaPrioritizerTests.swift */ = {isa = PBXFileReference; lastKnownFileType = sourcecode.swift; path = CareerAreaPrioritizerTests.swift; sourceTree = "<group>"; };
		EBAFFDB70FD4DB831832BADE /* MarkdownChatBubble.swift */ = {isa = PBXFileReference; lastKnownFileType = sourcecode.swift; path = MarkdownChatBubble.swift; sourceTree = "<group>"; };
		ECE1CC708F76B6FB722A8D40 /* FinancialAlertCard.swift */ = {isa = PBXFileReference; lastKnownFileType = sourcecode.swift; path = FinancialAlertCard.swift; sourceTree = "<group>"; };
		ED6DF30F46DB67445E7A8728 /* ArtistProfile.swift */ = {isa = PBXFileReference; lastKnownFileType = sourcecode.swift; path = ArtistProfile.swift; sourceTree = "<group>"; };
		EED9595B13C3A47796CE0FDF /* NominatimGeocodingService.swift */ = {isa = PBXFileReference; lastKnownFileType = sourcecode.swift; path = NominatimGeocodingService.swift; sourceTree = "<group>"; };
		EF6CFC715192D788D03AB024 /* NotificationPlanner.swift */ = {isa = PBXFileReference; lastKnownFileType = sourcecode.swift; path = NotificationPlanner.swift; sourceTree = "<group>"; };
		F2A16C178AA5468C2552A005 /* LocationResolver.swift */ = {isa = PBXFileReference; lastKnownFileType = sourcecode.swift; path = LocationResolver.swift; sourceTree = "<group>"; };
		F7E0BCA5D8816266D4B91DEC /* SyncAuditLog.swift */ = {isa = PBXFileReference; lastKnownFileType = sourcecode.swift; path = SyncAuditLog.swift; sourceTree = "<group>"; };
		FCDBD05F73F818EA38F90F4C /* PsyManagerApp.swift */ = {isa = PBXFileReference; lastKnownFileType = sourcecode.swift; path = PsyManagerApp.swift; sourceTree = "<group>"; };
		FD9F2219A03BF292E3D55E82 /* Conversation.swift */ = {isa = PBXFileReference; lastKnownFileType = sourcecode.swift; path = Conversation.swift; sourceTree = "<group>"; };
/* End PBXFileReference section */

/* Begin PBXGroup section */
		014AA001B2EAA6D7B4D5E1F9 /* AI */ = {
			isa = PBXGroup;
			children = (
				53DDF6B84551F7DE5C3DB012 /* ArtistAIContextBuilder.swift */,
				552A79FE7FB36DD5FB97ECF2 /* BookingNegotiationCoach.swift */,
				3AFFFAAA76DD532534C227E4 /* BookingRadarService.swift */,
				3FE32AD60B207AD15614926C /* CareerAreaPrioritizer.swift */,
				88461E2BB4FFD0BDA433751E /* CareerManagerEngine.swift */,
				82BE2FDF9CFF3DEE0AEFA99E /* CareerWeeklyPlanner.swift */,
				D73CA4A191442327945685AC /* ManagerPromptLibrary.swift */,
				383DF8621614924185438D71 /* MockCareerManagerService.swift */,
				AE6B20B731F9C43EC6784380 /* OpenAITextProvider.swift */,
				CDCDE4B2908D6AE5A7A96AC2 /* SampleDataSeeder.swift */,
				6B3B0EE796064050B6973A35 /* TextAIProvider.swift */,
				0EF9CD628B1F74C814F629F7 /* WebAIService.swift */,
			);
			path = AI;
			sourceTree = "<group>";
		};
		098B318BB1651481501293D0 /* Calendar */ = {
			isa = PBXGroup;
			children = (
				5410F8C944107076DA154F6A /* CalendarService.swift */,
			);
			path = Calendar;
			sourceTree = "<group>";
		};
		0BA3F5B4A2967D33D175C68B /* Location */ = {
			isa = PBXGroup;
			children = (
				F2A16C178AA5468C2552A005 /* LocationResolver.swift */,
			);
			path = Location;
			sourceTree = "<group>";
		};
		1393B02CAA4F65470CC0D135 /* Creation */ = {
			isa = PBXGroup;
			children = (
				33F5C59633F6D8DA947EEB04 /* CoverDesignStudioView.swift */,
				CC7E6126EA2A580B00637C6C /* CreationStudioView.swift */,
			);
			path = Creation;
			sourceTree = "<group>";
		};
		1A3D5473AF10BFBC5A45A575 /* Home */ = {
			isa = PBXGroup;
			children = (
				0A49DED43B4404714BAFDBBE /* SmartNotificationCard.swift */,
			);
			path = Home;
			sourceTree = "<group>";
		};
		304FDF348ABD3424D938CF86 /* Entities */ = {
			isa = PBXGroup;
			children = (
				ED6DF30F46DB67445E7A8728 /* ArtistProfile.swift */,
				8F5718BC32E1F26BE1E0065B /* CareerTask.swift */,
				FD9F2219A03BF292E3D55E82 /* Conversation.swift */,
				8C27E9E765AF26A55E889424 /* EventLead.swift */,
				01B19D4DC2BB7FDB46C443AA /* Expense.swift */,
				012DE5B093C26B65134E4261 /* Gig.swift */,
				A0B94AEAB6A858C774F0CED9 /* ManagerChatMessage.swift */,
				A9E269E6022286638348BD95 /* MessageTemplate.swift */,
				94D234421B6249407444C01E /* Negotiation.swift */,
				DD0923B7B05F6285DFF904CA /* PlatformInsight.swift */,
				13284139BF1BDF4475D02828 /* PromoterContact.swift */,
				8BA1AB495E93E941CFDA66E5 /* RadarEvent.swift */,
				795727794E67CEC54B45A3D1 /* SocialContentAnalytics.swift */,
				B0CD55763766030DB8F96141 /* SocialContentPlanItem.swift */,
				453673842DA3115395C4A210 /* SocialInsightSnapshot.swift */,
				F7E0BCA5D8816266D4B91DEC /* SyncAuditLog.swift */,
				CDD71BEDA99F66A4F0DB5CD2 /* TripPlan.swift */,
			);
			path = Entities;
			sourceTree = "<group>";
		};
		377E519CCCF9C5162D7978A1 /* Tests */ = {
			isa = PBXGroup;
			children = (
				634F6D44A39411DD5CD266A4 /* ArtistLogisticsEstimatorTests.swift */,
				7C2B2CAAE483833E5945CCC8 /* BookingNegotiationCoachTests.swift */,
				CEBDEAC731186698B21CB5EF /* BookingRadarServiceTests.swift */,
				E8BD0C326515C319D7E0EC1A /* CareerAreaPrioritizerTests.swift */,
				1A0F359BF90A12E2BA493C04 /* CareerInsightAggregatorTests.swift */,
			);
			path = Tests;
			sourceTree = "<group>";
		};
		4F184557F250A8809EA26937 /* Enums */ = {
			isa = PBXGroup;
			children = (
				7004AFE85D00B2BCB91A8F6C /* AppTaxonomy.swift */,
			);
			path = Enums;
			sourceTree = "<group>";
		};
		51C6ACA7C6DE9EA75F77E9BC /* Core */ = {
			isa = PBXGroup;
			children = (
				A71D01C8CB65CA1E0FCC7088 /* DesignSystem */,
			);
			path = Core;
			sourceTree = "<group>";
		};
		59CBDF42E0504E12F563333C /* Domain */ = {
			isa = PBXGroup;
			children = (
				304FDF348ABD3424D938CF86 /* Entities */,
				4F184557F250A8809EA26937 /* Enums */,
				6E931332CF6D0D27FE98887B /* Models */,
			);
			path = Domain;
			sourceTree = "<group>";
		};
		6565077112AFFB584570F557 /* Studio */ = {
			isa = PBXGroup;
			children = (
				44C62D31C8A4F084D6B8D9D0 /* BreakEvenTourCard.swift */,
			);
			path = Studio;
			sourceTree = "<group>";
		};
		6E931332CF6D0D27FE98887B /* Models */ = {
			isa = PBXGroup;
			children = (
				6186270295E4B395925F9EFB /* SmartNotificationModel.swift */,
			);
			path = Models;
			sourceTree = "<group>";
		};
		71F7EE1B1557922E406FD1E6 /* Dashboard */ = {
			isa = PBXGroup;
			children = (
				D9F05F985E9A89CDB2B04362 /* DashboardView.swift */,
				A6551C62CE589896296B8072 /* DashboardViewModel.swift */,
				ECE1CC708F76B6FB722A8D40 /* FinancialAlertCard.swift */,
				326F7DFCAC9FAF9C02733136 /* FinancialAlertsWidget.swift */,
				B669FD3EE005C475C6585935 /* SyncAuditDashboardView.swift */,
			);
			path = Dashboard;
			sourceTree = "<group>";
		};
		773F9DAB31103CF970EB179F /* Strategy */ = {
			isa = PBXGroup;
			children = (
				63CABBDEDE0AFC53D09A9B33 /* StrategyModuleView.swift */,
			);
			path = Strategy;
			sourceTree = "<group>";
		};
		7F456C1BF7DB22B7F2C3AE85 /* Features */ = {
			isa = PBXGroup;
			children = (
				BEFEC84E0942A417F2DB99B3 /* Components */,
				1393B02CAA4F65470CC0D135 /* Creation */,
				71F7EE1B1557922E406FD1E6 /* Dashboard */,
				A4592EBA0887C53861355209 /* Events */,
				EAE19E44B3F3CD3B8A9DDF68 /* Finances */,
				1A3D5473AF10BFBC5A45A575 /* Home */,
				93FAB55000478E7715E16560 /* Manager */,
				C7EFCD16C2E005052DFA4826 /* Onboarding */,
				F9E1A2ABBC882B2FDD80198F /* Profile */,
				773F9DAB31103CF970EB179F /* Strategy */,
				6565077112AFFB584570F557 /* Studio */,
			);
			path = Features;
			sourceTree = "<group>";
		};
		854C67D23DA31A2416C2DE2A = {
			isa = PBXGroup;
			children = (
				BB25211278306769343DB4B3 /* App */,
				51C6ACA7C6DE9EA75F77E9BC /* Core */,
				59CBDF42E0504E12F563333C /* Domain */,
				7F456C1BF7DB22B7F2C3AE85 /* Features */,
				C9FC79E59C324C3E6D089191 /* Services */,
				377E519CCCF9C5162D7978A1 /* Tests */,
				D713CBACB6187526C957A3D9 /* Products */,
			);
			sourceTree = "<group>";
		};
		93FAB55000478E7715E16560 /* Manager */ = {
			isa = PBXGroup;
			children = (
				515AA09030DDFD351CA918D9 /* ConversationListView.swift */,
				A527E2DF06F4EDA606356532 /* ManagerChatWithMemories.swift */,
				1A61D713D15A9362DA6BE30B /* ManagerView.swift */,
				EBAFFDB70FD4DB831832BADE /* MarkdownChatBubble.swift */,
			);
			path = Manager;
			sourceTree = "<group>";
		};
		9A47E68226BDA6B257F5D726 /* Networking */ = {
			isa = PBXGroup;
			children = (
				1BF21D5B3BC630F77E86D575 /* TemplateSyncService.swift */,
				336539636BF88F3E8096D2E7 /* WebAuthService.swift */,
			);
			path = Networking;
			sourceTree = "<group>";
		};
		A4592EBA0887C53861355209 /* Events */ = {
			isa = PBXGroup;
			children = (
				0562473DBDF88052E7159D0B /* EventGeocodingIntegration.swift */,
				46B954209C2E4EF4AEBFDE83 /* EventPipelineView.swift */,
				88664635229441176A041746 /* EventRadarWithDateFilter.swift */,
				609463BFC760F99405BB34C9 /* QuickLogisticsCalculatorView.swift */,
				2D6FF05293C57A2C8D474680 /* RadarSearchView.swift */,
			);
			path = Events;
			sourceTree = "<group>";
		};
		A71D01C8CB65CA1E0FCC7088 /* DesignSystem */ = {
			isa = PBXGroup;
			children = (
				C55D00C30B3DCA5E8EEA3B15 /* PsyTheme.swift */,
			);
			path = DesignSystem;
			sourceTree = "<group>";
		};
		BB25211278306769343DB4B3 /* App */ = {
			isa = PBXGroup;
			children = (
				48AF03B675D61E81FF5E9A33 /* AppRootView.swift */,
				0ECC205A435B440784C62568 /* Assets.xcassets */,
				FCDBD05F73F818EA38F90F4C /* PsyManagerApp.swift */,
				34ABE2ACA6FB569731456BCF /* RootTabView.swift */,
			);
			path = App;
			sourceTree = "<group>";
		};
		BC179ADBD30A1884C24C3523 /* Logistics */ = {
			isa = PBXGroup;
			children = (
				4EB44D9726DC3DC47F0D1E6D /* ArtistLogisticsEstimator.swift */,
				D39C77AAD772A83C55693F01 /* ArtistLogisticsEstimatorExtension.swift */,
				1363AAE126AF1D6AC7491C28 /* BrazilLogisticsReferenceService.swift */,
				9F26D03EA9C63F7AEF1AC0C7 /* LogisticsEstimateHistoryStore.swift */,
				86964609D6694EDDB163AC1E /* RealTimeLogisticsResolver.swift */,
			);
			path = Logistics;
			sourceTree = "<group>";
		};
		BEFEC84E0942A417F2DB99B3 /* Components */ = {
			isa = PBXGroup;
			children = (
				460DC9277C6ED9078B56EBEA /* AnimatedTransitions.swift */,
				484F43444A296E60A47C5FBC /* DarkModeAccessibilityFix.swift */,
				0E6E0163BE4191BC8963B616 /* QuickActionsButtonRow.swift */,
				61CB74D22D33478B2139A759 /* SkeletonLoaders.swift */,
			);
			path = Components;
			sourceTree = "<group>";
		};
		C7EFCD16C2E005052DFA4826 /* Onboarding */ = {
			isa = PBXGroup;
			children = (
				A651C6261EB2058B4EF6EB53 /* MobileLoginView.swift */,
				B823D6342D2746739FBAAEC3 /* OnboardingFlowView.swift */,
			);
			path = Onboarding;
			sourceTree = "<group>";
		};
		C9FC79E59C324C3E6D089191 /* Services */ = {
			isa = PBXGroup;
			children = (
				E0C61D76D11205673FD8BBCA /* ConflictResolutionService.swift */,
				1259B35A95F017B34A19597E /* DataSyncService.swift */,
				18131AC03DEE979B9E547AAD /* FinancialAlertService.swift */,
				31CA0651CD15F4947AAB780F /* HapticFeedbackService.swift */,
				6FEB92B7CB744F9A676E3D3A /* LoadingIndicatorService.swift */,
				5028D566634F4E43B3D105DB /* NavigationActionService.swift */,
				EED9595B13C3A47796CE0FDF /* NominatimGeocodingService.swift */,
				4482C6EE9F7149DA055DEBE5 /* OptimisticUIService.swift */,
				4C0D5565563BCA9A6D2E3FFB /* QuickActionService.swift */,
				B7398170E207292AA7EEA182 /* RollbackService.swift */,
				9A494D0007146457237F317B /* SyncAuditService.swift */,
				014AA001B2EAA6D7B4D5E1F9 /* AI */,
				098B318BB1651481501293D0 /* Calendar */,
				DA101803ABEBAFBD9EA4A26A /* Insights */,
				0BA3F5B4A2967D33D175C68B /* Location */,
				BC179ADBD30A1884C24C3523 /* Logistics */,
				9A47E68226BDA6B257F5D726 /* Networking */,
				D26BB3B9BBAFA52A71ECE952 /* Notifications */,
			);
			path = Services;
			sourceTree = "<group>";
		};
		D26BB3B9BBAFA52A71ECE952 /* Notifications */ = {
			isa = PBXGroup;
			children = (
				EF6CFC715192D788D03AB024 /* NotificationPlanner.swift */,
				16EC7D6D7E0E44597DEF8C04 /* WeeklyInsightAlertPlanner.swift */,
			);
			path = Notifications;
			sourceTree = "<group>";
		};
		D713CBACB6187526C957A3D9 /* Products */ = {
			isa = PBXGroup;
			children = (
				209110B140716D73365E3FFE /* PsyManager.app */,
				5B0967050242B1191ECB37D0 /* PsyManagerTests.xctest */,
			);
			name = Products;
			sourceTree = "<group>";
		};
		DA101803ABEBAFBD9EA4A26A /* Insights */ = {
			isa = PBXGroup;
			children = (
				3F58B83E218183E88656CCC3 /* ContentPerformanceAnalyzer.swift */,
				3066DF945FCED808012F91E7 /* ContentStatusUpdater.swift */,
				362C2FAF721AA44B4601E45B /* CoverDesignGenerator.swift */,
				BDF9C54924B518C015BB2BD9 /* InstagramConnectionGuide.swift */,
				5E480B4EE9279B00765D748B /* InstagramInsightsAdvisor.swift */,
				30AAB7179C2AC8854820148C /* InstagramInsightsBridge.swift */,
				6C25044BE568022A33354670 /* InstagramOAuthCoordinator.swift */,
				0F71994A9AF1DF42944E690B /* SocialContentGenerator.swift */,
				C6401723B9A4C4A13751368C /* SocialMediaStrategist.swift */,
			);
			path = Insights;
			sourceTree = "<group>";
		};
		EAE19E44B3F3CD3B8A9DDF68 /* Finances */ = {
			isa = PBXGroup;
			children = (
				E829855432CB474F1872994F /* FinancesView.swift */,
			);
			path = Finances;
			sourceTree = "<group>";
		};
		F9E1A2ABBC882B2FDD80198F /* Profile */ = {
			isa = PBXGroup;
			children = (
				0C184855DA267BD958C40790 /* ProfileView.swift */,
			);
			path = Profile;
			sourceTree = "<group>";
		};
/* End PBXGroup section */

/* Begin PBXNativeTarget section */
		1A438065D64F960BAA65232A /* PsyManagerTests */ = {
			isa = PBXNativeTarget;
			buildConfigurationList = CEDA6BCBCBAD4EA3E853630C /* Build configuration list for PBXNativeTarget "PsyManagerTests" */;
			buildPhases = (
				D497CDF251618534A59C4AEC /* Sources */,
			);
			buildRules = (
			);
			dependencies = (
				33B3BF675A15CA12A8C6BBA3 /* PBXTargetDependency */,
			);
			name = PsyManagerTests;
			packageProductDependencies = (
			);
			productName = PsyManagerTests;
			productReference = 5B0967050242B1191ECB37D0 /* PsyManagerTests.xctest */;
			productType = "com.apple.product-type.bundle.unit-test";
		};
		1E0E2023B85F274F1EBC5A92 /* PsyManager */ = {
			isa = PBXNativeTarget;
			buildConfigurationList = A959F88B5564BB7B2257D2EF /* Build configuration list for PBXNativeTarget "PsyManager" */;
			buildPhases = (
				38AE10259E54746C687E69B6 /* Sources */,
				76B508DE056DEBE1403EEEA2 /* Resources */,
			);
			buildRules = (
			);
			dependencies = (
			);
			name = PsyManager;
			packageProductDependencies = (
			);
			productName = PsyManager;
			productReference = 209110B140716D73365E3FFE /* PsyManager.app */;
			productType = "com.apple.product-type.application";
		};
/* End PBXNativeTarget section */

/* Begin PBXProject section */
		ED4C8BD95C0D544DAC5F8471 /* Project object */ = {
			isa = PBXProject;
			attributes = {
				BuildIndependentTargetsInParallel = YES;
				LastUpgradeCheck = 1430;
				TargetAttributes = {
					1E0E2023B85F274F1EBC5A92 = {
						ProvisioningStyle = Automatic;
					};
				};
			};
			buildConfigurationList = 25D0F209EB83D801FAC021A9 /* Build configuration list for PBXProject "PsyManager" */;
			developmentRegion = en;
			hasScannedForEncodings = 0;
			knownRegions = (
				Base,
				en,
			);
			mainGroup = 854C67D23DA31A2416C2DE2A;
			minimizedProjectReferenceProxies = 1;
			preferredProjectObjectVersion = 77;
			productRefGroup = D713CBACB6187526C957A3D9 /* Products */;
			projectDirPath = "";
			projectRoot = "";
			targets = (
				1E0E2023B85F274F1EBC5A92 /* PsyManager */,
				1A438065D64F960BAA65232A /* PsyManagerTests */,
			);
		};
/* End PBXProject section */

/* Begin PBXResourcesBuildPhase section */
		76B508DE056DEBE1403EEEA2 /* Resources */ = {
			isa = PBXResourcesBuildPhase;
			buildActionMask = 2147483647;
			files = (
				04807BBF6F6AF3BE9A71A9B3 /* Assets.xcassets in Resources */,
			);
			runOnlyForDeploymentPostprocessing = 0;
		};
/* End PBXResourcesBuildPhase section */

/* Begin PBXSourcesBuildPhase section */
		38AE10259E54746C687E69B6 /* Sources */ = {
			isa = PBXSourcesBuildPhase;
			buildActionMask = 2147483647;
			files = (
				1BA2E303D09BD31A78586490 /* AnimatedTransitions.swift in Sources */,
				E7ADF5617EFB62A5405DDFC5 /* AppRootView.swift in Sources */,
				89BD424138183294C46394A5 /* AppTaxonomy.swift in Sources */,
				78A3DA04C78AAE1A88C5DF3F /* ArtistAIContextBuilder.swift in Sources */,
				33F04F96B3F0B661757282AA /* ArtistLogisticsEstimator.swift in Sources */,
				4082AE6302EF514DF8251929 /* ArtistLogisticsEstimatorExtension.swift in Sources */,
				54F13A6D046E5AEEF21C4396 /* ArtistProfile.swift in Sources */,
				35D29E447330D733AF723011 /* BookingNegotiationCoach.swift in Sources */,
				8CC52A96476F5F7629B65F90 /* BookingRadarService.swift in Sources */,
				67008D97E84AFA6A63D1406C /* BrazilLogisticsReferenceService.swift in Sources */,
				2240BE2535FDAD8358690562 /* BreakEvenTourCard.swift in Sources */,
				985B5CE21965B190DB5F37A0 /* CalendarService.swift in Sources */,
				72CDAFEADDBB608D69363AED /* CareerAreaPrioritizer.swift in Sources */,
				96D9566C43F3CBB33F22D07C /* CareerManagerEngine.swift in Sources */,
				1C0FB49E32E8FC53F5E7B686 /* CareerTask.swift in Sources */,
				0222AAB738523BE9AC26D137 /* CareerWeeklyPlanner.swift in Sources */,
				4BF2BE5018A4782A93149083 /* ConflictResolutionService.swift in Sources */,
				FFE639B3EB23D434BAFC591E /* ContentPerformanceAnalyzer.swift in Sources */,
				C98C926A268A3FD38CE94FCF /* ContentStatusUpdater.swift in Sources */,
				204991DDB130518515AA3B0E /* Conversation.swift in Sources */,
				74E4B7723933E1E817ED0B62 /* ConversationListView.swift in Sources */,
				1A597148E646A6DFC83223FA /* CoverDesignGenerator.swift in Sources */,
				6A2E2C42C7CFA7E5CB6953E3 /* CoverDesignStudioView.swift in Sources */,
				843C3A5B8ADFF539AC186997 /* CreationStudioView.swift in Sources */,
				1B66C83ECBDF86993B9C0B7C /* DarkModeAccessibilityFix.swift in Sources */,
				D0761537373D2F2E8328FD22 /* DashboardView.swift in Sources */,
				B53F571A6A1FFA0ECE4AFC4B /* DashboardViewModel.swift in Sources */,
				35905FB6DD2A3A6AE54C6DFE /* DataSyncService.swift in Sources */,
				E90714AB2FC3CA842394CDA4 /* EventGeocodingIntegration.swift in Sources */,
				70647A859AA58396B5A7405D /* EventLead.swift in Sources */,
				55843D6DF924F2FF73901C58 /* EventPipelineView.swift in Sources */,
				9BEAC8AFF7B55EB267706268 /* EventRadarWithDateFilter.swift in Sources */,
				900956B0E68128932FE06833 /* Expense.swift in Sources */,
				80205B044096662711761519 /* FinancesView.swift in Sources */,
				727F5D7B2403358767DE24E9 /* FinancialAlertCard.swift in Sources */,
				7D8684B83E8D00B7F76B9370 /* FinancialAlertService.swift in Sources */,
				C70A21651BC7C31F6D63BECC /* FinancialAlertsWidget.swift in Sources */,
				65CFDFEA8BE4401B97DBBF21 /* Gig.swift in Sources */,
				7CC87E08D8C33C008653A609 /* HapticFeedbackService.swift in Sources */,
				231A7157DC149052DEF541B8 /* InstagramConnectionGuide.swift in Sources */,
				C20FB506A01F4242D59D6E6F /* InstagramInsightsAdvisor.swift in Sources */,
				A7464A735FC22DEA46D875FF /* InstagramInsightsBridge.swift in Sources */,
				7F209065359C0649F20CFB54 /* InstagramOAuthCoordinator.swift in Sources */,
				135868C2E4D3FA64423AEC6A /* LoadingIndicatorService.swift in Sources */,
				EB6A2B4BDC59279912CA68A7 /* LocationResolver.swift in Sources */,
				5C4AC0618D60533FBE821C35 /* LogisticsEstimateHistoryStore.swift in Sources */,
				BEB258701053C5177C460E75 /* ManagerChatMessage.swift in Sources */,
				1A484AFCFCE819E255ADFD8F /* ManagerChatWithMemories.swift in Sources */,
				A6B6808CFB12ED6A43BA237F /* ManagerPromptLibrary.swift in Sources */,
				0AFD8B3D468F7FE2D123BA62 /* ManagerView.swift in Sources */,
				3D42EDA89AE72D0FD33C9B0C /* MarkdownChatBubble.swift in Sources */,
				C6E987778AF7968A9BFE26E0 /* MessageTemplate.swift in Sources */,
				5E0AFC87AA72A227BF78D9FB /* MobileLoginView.swift in Sources */,
				4BC63A72A936578FECD64B9F /* MockCareerManagerService.swift in Sources */,
				46F9A57C6F52B8F1CEABBFE1 /* NavigationActionService.swift in Sources */,
				448AA24784199ECFB55BD7A1 /* Negotiation.swift in Sources */,
				2ED1BDF5812A56BB977AC530 /* NominatimGeocodingService.swift in Sources */,
				7575E4A04C4BFA0AB3BA4845 /* NotificationPlanner.swift in Sources */,
				E7D7BFFF7BBEB79E927937FC /* OnboardingFlowView.swift in Sources */,
				97904CF3E82AE86D6B7436AD /* OpenAITextProvider.swift in Sources */,
				CF58893BC0B066C0E3E43884 /* OptimisticUIService.swift in Sources */,
				23AC6A6237A1621FACA92357 /* PlatformInsight.swift in Sources */,
				896E43EE619FC3EECBC8844D /* ProfileView.swift in Sources */,
				9334960E42B6E4AB10138353 /* PromoterContact.swift in Sources */,
				6F958ECA36335A3394BA5DA5 /* PsyManagerApp.swift in Sources */,
				C3160BF7B598BDE110EF5370 /* PsyTheme.swift in Sources */,
				0EA96FADC6132B629FD5041A /* QuickActionService.swift in Sources */,
				367F5654E267178CF1289971 /* QuickActionsButtonRow.swift in Sources */,
				C68EE857068A64C155BC0FB7 /* QuickLogisticsCalculatorView.swift in Sources */,
				C636F9C5CFEFA4DAD0CBCAB5 /* RadarEvent.swift in Sources */,
				3F51F105A5EF313003CF0644 /* RadarSearchView.swift in Sources */,
				69FFD5A6A2BD39082580DB7A /* RealTimeLogisticsResolver.swift in Sources */,
				ABE17242A95445A4124AC277 /* RollbackService.swift in Sources */,
				65BEF08DCBB23B9212AE83B8 /* RootTabView.swift in Sources */,
				5790D595287B7D6E76923608 /* SampleDataSeeder.swift in Sources */,
				4D2B0A6C6D1FE5A855434724 /* SkeletonLoaders.swift in Sources */,
				4DB52E36BB63C1003B0A1498 /* SmartNotificationCard.swift in Sources */,
				75B0BBEEB469607BE4613CB7 /* SmartNotificationModel.swift in Sources */,
				BC7D0D1E7E6ED69E57D1D6F3 /* SocialContentAnalytics.swift in Sources */,
				8C1A6B5ED3588018AEAA972C /* SocialContentGenerator.swift in Sources */,
				F5BE07DF1E05058C4A43506F /* SocialContentPlanItem.swift in Sources */,
				14B8563E5E4D990982795ED9 /* SocialInsightSnapshot.swift in Sources */,
				6BD5F0877659E513FE2524A8 /* SocialMediaStrategist.swift in Sources */,
				1A362C0D231C0046CB176122 /* StrategyModuleView.swift in Sources */,
				E401FF64A744DF8A4D731962 /* SyncAuditDashboardView.swift in Sources */,
				F4A0E35DAE0D3A69F9644BA5 /* SyncAuditLog.swift in Sources */,
				4D36C00AF6944E1CE7FEABE8 /* SyncAuditService.swift in Sources */,
				D9540D8E0F87209C8F41ACED /* TemplateSyncService.swift in Sources */,
				EEE8E7BA87BA60743592D871 /* TextAIProvider.swift in Sources */,
				8091889DED0A418A03F706F5 /* TripPlan.swift in Sources */,
				B2121132ED999571CFC07108 /* WebAIService.swift in Sources */,
				D9C306CB873E263EA70DEFE4 /* WebAuthService.swift in Sources */,
				2006A11445D7E64774320748 /* WeeklyInsightAlertPlanner.swift in Sources */,
			);
			runOnlyForDeploymentPostprocessing = 0;
		};
		D497CDF251618534A59C4AEC /* Sources */ = {
			isa = PBXSourcesBuildPhase;
			buildActionMask = 2147483647;
			files = (
				C7906AF982B3C4689130D179 /* ArtistLogisticsEstimatorTests.swift in Sources */,
				CF670725DDC81CCE8429DF47 /* BookingNegotiationCoachTests.swift in Sources */,
				671E6545646C0E8B0B738707 /* BookingRadarServiceTests.swift in Sources */,
				074CFF352BDB23DAB0CA6907 /* CareerAreaPrioritizerTests.swift in Sources */,
				4641EFC772A8EDC30EDD21EF /* CareerInsightAggregatorTests.swift in Sources */,
			);
			runOnlyForDeploymentPostprocessing = 0;
		};
/* End PBXSourcesBuildPhase section */

/* Begin PBXTargetDependency section */
		33B3BF675A15CA12A8C6BBA3 /* PBXTargetDependency */ = {
			isa = PBXTargetDependency;
			target = 1E0E2023B85F274F1EBC5A92 /* PsyManager */;
			targetProxy = CEDC54F3EAE7E507A78C4D47 /* PBXContainerItemProxy */;
		};
/* End PBXTargetDependency section */

/* Begin XCBuildConfiguration section */
		0688200669569CCDD4752F4E /* Release */ = {
			isa = XCBuildConfiguration;
			buildSettings = {
				ALWAYS_SEARCH_USER_PATHS = NO;
				CLANG_ANALYZER_NONNULL = YES;
				CLANG_ANALYZER_NUMBER_OBJECT_CONVERSION = YES_AGGRESSIVE;
				CLANG_CXX_LANGUAGE_STANDARD = "gnu++14";
				CLANG_CXX_LIBRARY = "libc++";
				CLANG_ENABLE_MODULES = YES;
				CLANG_ENABLE_OBJC_ARC = YES;
				CLANG_ENABLE_OBJC_WEAK = YES;
				CLANG_WARN_BLOCK_CAPTURE_AUTORELEASING = YES;
				CLANG_WARN_BOOL_CONVERSION = YES;
				CLANG_WARN_COMMA = YES;
				CLANG_WARN_CONSTANT_CONVERSION = YES;
				CLANG_WARN_DEPRECATED_OBJC_IMPLEMENTATIONS = YES;
				CLANG_WARN_DIRECT_OBJC_ISA_USAGE = YES_ERROR;
				CLANG_WARN_DOCUMENTATION_COMMENTS = YES;
				CLANG_WARN_EMPTY_BODY = YES;
				CLANG_WARN_ENUM_CONVERSION = YES;
				CLANG_WARN_INFINITE_RECURSION = YES;
				CLANG_WARN_INT_CONVERSION = YES;
				CLANG_WARN_NON_LITERAL_NULL_CONVERSION = YES;
				CLANG_WARN_OBJC_IMPLICIT_RETAIN_SELF = YES;
				CLANG_WARN_OBJC_LITERAL_CONVERSION = YES;
				CLANG_WARN_OBJC_ROOT_CLASS = YES_ERROR;
				CLANG_WARN_QUOTED_INCLUDE_IN_FRAMEWORK_HEADER = YES;
				CLANG_WARN_RANGE_LOOP_ANALYSIS = YES;
				CLANG_WARN_STRICT_PROTOTYPES = YES;
				CLANG_WARN_SUSPICIOUS_MOVE = YES;
				CLANG_WARN_UNGUARDED_AVAILABILITY = YES_AGGRESSIVE;
				CLANG_WARN_UNREACHABLE_CODE = YES;
				CLANG_WARN__DUPLICATE_METHOD_MATCH = YES;
				COPY_PHASE_STRIP = NO;
				DEBUG_INFORMATION_FORMAT = "dwarf-with-dsym";
				ENABLE_NS_ASSERTIONS = NO;
				ENABLE_STRICT_OBJC_MSGSEND = YES;
				GCC_C_LANGUAGE_STANDARD = gnu11;
				GCC_NO_COMMON_BLOCKS = YES;
				GCC_WARN_64_TO_32_BIT_CONVERSION = YES;
				GCC_WARN_ABOUT_RETURN_TYPE = YES_ERROR;
				GCC_WARN_UNDECLARED_SELECTOR = YES;
				GCC_WARN_UNINITIALIZED_AUTOS = YES_AGGRESSIVE;
				GCC_WARN_UNUSED_FUNCTION = YES;
				GCC_WARN_UNUSED_VARIABLE = YES;
				MTL_ENABLE_DEBUG_INFO = NO;
				MTL_FAST_MATH = YES;
				PRODUCT_NAME = "$(TARGET_NAME)";
				SDKROOT = iphoneos;
				SWIFT_COMPILATION_MODE = wholemodule;
				SWIFT_OPTIMIZATION_LEVEL = "-O";
				SWIFT_VERSION = 5.0;
			};
			name = Release;
		};
		270ED4C6077FD993AEEF8607 /* Debug */ = {
			isa = XCBuildConfiguration;
			buildSettings = {
				ASSETCATALOG_COMPILER_APPICON_NAME = AppIcon;
				CODE_SIGN_IDENTITY = "iPhone Developer";
				CODE_SIGN_STYLE = Automatic;
				GENERATE_INFOPLIST_FILE = YES;
				INFOPLIST_KEY_CFBundleDisplayName = PsyManager;
				INFOPLIST_KEY_CFBundleURLTypes = "[[\"CFBundleURLName\": \"com.franciscomarcondes.psymanager\", \"CFBundleURLSchemes\": [\"psymanager\"]]]";
				INFOPLIST_KEY_PSYGoogleMapsAPIKey = "";
				INFOPLIST_KEY_PSYKiwiTequilaAPIKey = "";
				INFOPLIST_KEY_PSYRapidAPIHost = skyscanner44.p.rapidapi.com;
				INFOPLIST_KEY_PSYRapidAPIKey = "";
				INFOPLIST_KEY_PSYSkyscannerAPIKey = "";
				INFOPLIST_KEY_UIApplicationSceneManifest_Generation = YES;
				INFOPLIST_KEY_UIApplicationSupportsIndirectInputEvents = YES;
				INFOPLIST_KEY_UILaunchScreen_Generation = YES;
				IPHONEOS_DEPLOYMENT_TARGET = 17.0;
				LD_RUNPATH_SEARCH_PATHS = (
					"$(inherited)",
					"@executable_path/Frameworks",
				);
				PRODUCT_BUNDLE_IDENTIFIER = com.franciscomarcondes.psymanager;
				SDKROOT = iphoneos;
				TARGETED_DEVICE_FAMILY = "1,2";
			};
			name = Debug;
		};
		77D3A1DAA38328F2CB6CF7B2 /* Debug */ = {
			isa = XCBuildConfiguration;
			buildSettings = {
				ALWAYS_SEARCH_USER_PATHS = NO;
				CLANG_ANALYZER_NONNULL = YES;
				CLANG_ANALYZER_NUMBER_OBJECT_CONVERSION = YES_AGGRESSIVE;
				CLANG_CXX_LANGUAGE_STANDARD = "gnu++14";
				CLANG_CXX_LIBRARY = "libc++";
				CLANG_ENABLE_MODULES = YES;
				CLANG_ENABLE_OBJC_ARC = YES;
				CLANG_ENABLE_OBJC_WEAK = YES;
				CLANG_WARN_BLOCK_CAPTURE_AUTORELEASING = YES;
				CLANG_WARN_BOOL_CONVERSION = YES;
				CLANG_WARN_COMMA = YES;
				CLANG_WARN_CONSTANT_CONVERSION = YES;
				CLANG_WARN_DEPRECATED_OBJC_IMPLEMENTATIONS = YES;
				CLANG_WARN_DIRECT_OBJC_ISA_USAGE = YES_ERROR;
				CLANG_WARN_DOCUMENTATION_COMMENTS = YES;
				CLANG_WARN_EMPTY_BODY = YES;
				CLANG_WARN_ENUM_CONVERSION = YES;
				CLANG_WARN_INFINITE_RECURSION = YES;
				CLANG_WARN_INT_CONVERSION = YES;
				CLANG_WARN_NON_LITERAL_NULL_CONVERSION = YES;
				CLANG_WARN_OBJC_IMPLICIT_RETAIN_SELF = YES;
				CLANG_WARN_OBJC_LITERAL_CONVERSION = YES;
				CLANG_WARN_OBJC_ROOT_CLASS = YES_ERROR;
				CLANG_WARN_QUOTED_INCLUDE_IN_FRAMEWORK_HEADER = YES;
				CLANG_WARN_RANGE_LOOP_ANALYSIS = YES;
				CLANG_WARN_STRICT_PROTOTYPES = YES;
				CLANG_WARN_SUSPICIOUS_MOVE = YES;
				CLANG_WARN_UNGUARDED_AVAILABILITY = YES_AGGRESSIVE;
				CLANG_WARN_UNREACHABLE_CODE = YES;
				CLANG_WARN__DUPLICATE_METHOD_MATCH = YES;
				COPY_PHASE_STRIP = NO;
				DEBUG_INFORMATION_FORMAT = dwarf;
				ENABLE_STRICT_OBJC_MSGSEND = YES;
				ENABLE_TESTABILITY = YES;
				GCC_C_LANGUAGE_STANDARD = gnu11;
				GCC_DYNAMIC_NO_PIC = NO;
				GCC_NO_COMMON_BLOCKS = YES;
				GCC_OPTIMIZATION_LEVEL = 0;
				GCC_PREPROCESSOR_DEFINITIONS = (
					"$(inherited)",
					"DEBUG=1",
				);
				GCC_WARN_64_TO_32_BIT_CONVERSION = YES;
				GCC_WARN_ABOUT_RETURN_TYPE = YES_ERROR;
				GCC_WARN_UNDECLARED_SELECTOR = YES;
				GCC_WARN_UNINITIALIZED_AUTOS = YES_AGGRESSIVE;
				GCC_WARN_UNUSED_FUNCTION = YES;
				GCC_WARN_UNUSED_VARIABLE = YES;
				MTL_ENABLE_DEBUG_INFO = INCLUDE_SOURCE;
				MTL_FAST_MATH = YES;
				ONLY_ACTIVE_ARCH = YES;
				PRODUCT_NAME = "$(TARGET_NAME)";
				SDKROOT = iphoneos;
				SWIFT_ACTIVE_COMPILATION_CONDITIONS = DEBUG;
				SWIFT_OPTIMIZATION_LEVEL = "-Onone";
				SWIFT_VERSION = 5.0;
			};
			name = Debug;
		};
		781E50B9101C2C532C76CE50 /* Release */ = {
			isa = XCBuildConfiguration;
			buildSettings = {
				BUNDLE_LOADER = "$(TEST_HOST)";
				GENERATE_INFOPLIST_FILE = YES;
				IPHONEOS_DEPLOYMENT_TARGET = 17.0;
				LD_RUNPATH_SEARCH_PATHS = (
					"$(inherited)",
					"@executable_path/Frameworks",
					"@loader_path/Frameworks",
				);
				SDKROOT = iphoneos;
				TARGETED_DEVICE_FAMILY = "1,2";
				TEST_HOST = "$(BUILT_PRODUCTS_DIR)/PsyManager.app/PsyManager";
			};
			name = Release;
		};
		8D9FE002F1E9DD6141760EDB /* Release */ = {
			isa = XCBuildConfiguration;
			buildSettings = {
				ASSETCATALOG_COMPILER_APPICON_NAME = AppIcon;
				CODE_SIGN_IDENTITY = "iPhone Developer";
				CODE_SIGN_STYLE = Automatic;
				GENERATE_INFOPLIST_FILE = YES;
				INFOPLIST_KEY_CFBundleDisplayName = PsyManager;
				INFOPLIST_KEY_CFBundleURLTypes = "[[\"CFBundleURLName\": \"com.franciscomarcondes.psymanager\", \"CFBundleURLSchemes\": [\"psymanager\"]]]";
				INFOPLIST_KEY_PSYGoogleMapsAPIKey = "";
				INFOPLIST_KEY_PSYKiwiTequilaAPIKey = "";
				INFOPLIST_KEY_PSYRapidAPIHost = skyscanner44.p.rapidapi.com;
				INFOPLIST_KEY_PSYRapidAPIKey = "";
				INFOPLIST_KEY_PSYSkyscannerAPIKey = "";
				INFOPLIST_KEY_UIApplicationSceneManifest_Generation = YES;
				INFOPLIST_KEY_UIApplicationSupportsIndirectInputEvents = YES;
				INFOPLIST_KEY_UILaunchScreen_Generation = YES;
				IPHONEOS_DEPLOYMENT_TARGET = 17.0;
				LD_RUNPATH_SEARCH_PATHS = (
					"$(inherited)",
					"@executable_path/Frameworks",
				);
				PRODUCT_BUNDLE_IDENTIFIER = com.franciscomarcondes.psymanager;
				SDKROOT = iphoneos;
				TARGETED_DEVICE_FAMILY = "1,2";
			};
			name = Release;
		};
		ECF6E092B5C93E8E27B72BE4 /* Debug */ = {
			isa = XCBuildConfiguration;
			buildSettings = {
				BUNDLE_LOADER = "$(TEST_HOST)";
				GENERATE_INFOPLIST_FILE = YES;
				IPHONEOS_DEPLOYMENT_TARGET = 17.0;
				LD_RUNPATH_SEARCH_PATHS = (
					"$(inherited)",
					"@executable_path/Frameworks",
					"@loader_path/Frameworks",
				);
				SDKROOT = iphoneos;
				TARGETED_DEVICE_FAMILY = "1,2";
				TEST_HOST = "$(BUILT_PRODUCTS_DIR)/PsyManager.app/PsyManager";
			};
			name = Debug;
		};
/* End XCBuildConfiguration section */

/* Begin XCConfigurationList section */
		25D0F209EB83D801FAC021A9 /* Build configuration list for PBXProject "PsyManager" */ = {
			isa = XCConfigurationList;
			buildConfigurations = (
				77D3A1DAA38328F2CB6CF7B2 /* Debug */,
				0688200669569CCDD4752F4E /* Release */,
			);
			defaultConfigurationIsVisible = 0;
			defaultConfigurationName = Debug;
		};
		A959F88B5564BB7B2257D2EF /* Build configuration list for PBXNativeTarget "PsyManager" */ = {
			isa = XCConfigurationList;
			buildConfigurations = (
				270ED4C6077FD993AEEF8607 /* Debug */,
				8D9FE002F1E9DD6141760EDB /* Release */,
			);
			defaultConfigurationIsVisible = 0;
			defaultConfigurationName = Debug;
		};
		CEDA6BCBCBAD4EA3E853630C /* Build configuration list for PBXNativeTarget "PsyManagerTests" */ = {
			isa = XCConfigurationList;
			buildConfigurations = (
				ECF6E092B5C93E8E27B72BE4 /* Debug */,
				781E50B9101C2C532C76CE50 /* Release */,
			);
			defaultConfigurationIsVisible = 0;
			defaultConfigurationName = Debug;
		};
/* End XCConfigurationList section */
	};
	rootObject = ED4C8BD95C0D544DAC5F8471 /* Project object */;
}
